{
  "name": "pn-cli",
  "version": "0.0.7",
  "lockfileVersion": 2,
  "requires": true,
  "packages": {
    "": {
      "version": "0.0.7",
      "license": "MIT",
      "dependencies": {
        "commander": "^7.0.0",
        "moment": "^2.29.1",
        "pn-core": "^0.0.3"
      },
      "bin": {
        "pn": "bin/pn.js"
      },
      "devDependencies": {}
    },
    "node_modules/commander": {
      "version": "7.0.0",
      "resolved": "https://registry.yarnpkg.com/commander/-/commander-7.0.0.tgz",
      "integrity": "sha512-ovx/7NkTrnPuIV8sqk/GjUIIM1+iUQeqA3ye2VNpq9sVoiZsooObWlQy+OPWGI17GDaEoybuAGJm6U8yC077BA==",
      "license": "MIT",
      "engines": {
        "node": ">= 10"
      }
    },
    "node_modules/moment": {
      "version": "2.29.1",
      "resolved": "https://registry.yarnpkg.com/moment/-/moment-2.29.1.tgz",
      "integrity": "sha512-kHmoybcPV8Sqy59DwNDY3Jefr64lK/by/da0ViFcuA4DH0vQg5Q6Ze5VimxkfQNSC+Mls/Kx53s7TjP1RhFEDQ==",
      "license": "MIT",
      "engines": {
        "node": "*"
      }
    }
  },
  "dependencies": {
    "commander": {
      "version": "7.0.0",
      "resolved": "https://registry.yarnpkg.com/commander/-/commander-7.0.0.tgz",
      "integrity": "sha512-ovx/7NkTrnPuIV8sqk/GjUIIM1+iUQeqA3ye2VNpq9sVoiZsooObWlQy+OPWGI17GDaEoybuAGJm6U8yC077BA=="
    },
    "moment": {
      "version": "2.29.1",
      "resolved": "https://registry.yarnpkg.com/moment/-/moment-2.29.1.tgz",
      "integrity": "sha512-kHmoybcPV8Sqy59DwNDY3Jefr64lK/by/da0ViFcuA4DH0vQg5Q6Ze5VimxkfQNSC+Mls/Kx53s7TjP1RhFEDQ=="
    }
  }
}
